// !$*UTF8*$!
{
	archiveVersion = 1;
	classes = {
	};
	objectVersion = 50;
	objects = {

/* Begin PBXBuildFile section */
		AD31003C22533C880011E553 /* AppDelegate.m in Sources */ = {isa = PBXBuildFile; fileRef = AD31003B22533C880011E553 /* AppDelegate.m */; };
		AD31003F22533C880011E553 /* ViewController.m in Sources */ = {isa = PBXBuildFile; fileRef = AD31003E22533C880011E553 /* ViewController.m */; };
		AD31004222533C880011E553 /* Main.storyboard in Resources */ = {isa = PBXBuildFile; fileRef = AD31004022533C880011E553 /* Main.storyboard */; };
		AD31004422533C8A0011E553 /* Assets.xcassets in Resources */ = {isa = PBXBuildFile; fileRef = AD31004322533C8A0011E553 /* Assets.xcassets */; };
		AD31004722533C8A0011E553 /* LaunchScreen.storyboard in Resources */ = {isa = PBXBuildFile; fileRef = AD31004522533C8A0011E553 /* LaunchScreen.storyboard */; };
		AD31004A22533C8A0011E553 /* main.m in Sources */ = {isa = PBXBuildFile; fileRef = AD31004922533C8A0011E553 /* main.m */; };
		AD31005422533CD10011E553 /* KVOViewController.m in Sources */ = {isa = PBXBuildFile; fileRef = AD31005122533CD10011E553 /* KVOViewController.m */; };
		AD31005522533CD10011E553 /* NSNotificationViewController.m in Sources */ = {isa = PBXBuildFile; fileRef = AD31005322533CD10011E553 /* NSNotificationViewController.m */; };
		AD31007122533CDD0011E553 /* NSMutableDictionary+GJCrash.m in Sources */ = {isa = PBXBuildFile; fileRef = AD31005722533CDD0011E553 /* NSMutableDictionary+GJCrash.m */; };
		AD31007222533CDD0011E553 /* NSString+GJCrash.m in Sources */ = {isa = PBXBuildFile; fileRef = AD31005822533CDD0011E553 /* NSString+GJCrash.m */; };
		AD31007322533CDD0011E553 /* NSObject+KVOCrash.m in Sources */ = {isa = PBXBuildFile; fileRef = AD31005C22533CDD0011E553 /* NSObject+KVOCrash.m */; };
		AD31007422533CDD0011E553 /* NSArray+GJCrash.m in Sources */ = {isa = PBXBuildFile; fileRef = AD31005D22533CDD0011E553 /* NSArray+GJCrash.m */; };
		AD31007522533CDD0011E553 /* NSAttributedString+GJCrash.m in Sources */ = {isa = PBXBuildFile; fileRef = AD31005E22533CDD0011E553 /* NSAttributedString+GJCrash.m */; };
		AD31007722533CDD0011E553 /* NSObject+GJSwizzle.m in Sources */ = {isa = PBXBuildFile; fileRef = AD31006122533CDD0011E553 /* NSObject+GJSwizzle.m */; };
		AD31007822533CDD0011E553 /* NSMutableAttributedString+GJCrash.m in Sources */ = {isa = PBXBuildFile; fileRef = AD31006422533CDD0011E553 /* NSMutableAttributedString+GJCrash.m */; };
		AD31007922533CDD0011E553 /* GJCrashLog.m in Sources */ = {isa = PBXBuildFile; fileRef = AD31006822533CDD0011E553 /* GJCrashLog.m */; };
		AD31007A22533CDD0011E553 /* NSObject+NSNotificationCrash.m in Sources */ = {isa = PBXBuildFile; fileRef = AD31006922533CDD0011E553 /* NSObject+NSNotificationCrash.m */; };
		AD31007B22533CDD0011E553 /* NSMutableString+GJCrash.m in Sources */ = {isa = PBXBuildFile; fileRef = AD31006B22533CDD0011E553 /* NSMutableString+GJCrash.m */; };
		AD31007C22533CDD0011E553 /* NSDictionary+GJCrash.m in Sources */ = {isa = PBXBuildFile; fileRef = AD31006F22533CDD0011E553 /* NSDictionary+GJCrash.m */; };
		AD31007D22533CDD0011E553 /* NSMutableArray+GJCrash.m in Sources */ = {isa = PBXBuildFile; fileRef = AD31007022533CDD0011E553 /* NSMutableArray+GJCrash.m */; };
/* End PBXBuildFile section */

/* Begin PBXFileReference section */
		AD31003722533C880011E553 /* GJNoCrash.app */ = {isa = PBXFileReference; explicitFileType = wrapper.application; includeInIndex = 0; path = GJNoCrash.app; sourceTree = BUILT_PRODUCTS_DIR; };
		AD31003A22533C880011E553 /* AppDelegate.h */ = {isa = PBXFileReference; lastKnownFileType = sourcecode.c.h; path = AppDelegate.h; sourceTree = "<group>"; };
		AD31003B22533C880011E553 /* AppDelegate.m */ = {isa = PBXFileReference; lastKnownFileType = sourcecode.c.objc; path = AppDelegate.m; sourceTree = "<group>"; };
		AD31003D22533C880011E553 /* ViewController.h */ = {isa = PBXFileReference; lastKnownFileType = sourcecode.c.h; path = ViewController.h; sourceTree = "<group>"; };
		AD31003E22533C880011E553 /* ViewController.m */ = {isa = PBXFileReference; lastKnownFileType = sourcecode.c.objc; path = ViewController.m; sourceTree = "<group>"; };
		AD31004122533C880011E553 /* Base */ = {isa = PBXFileReference; lastKnownFileType = file.storyboard; name = Base; path = Base.lproj/Main.storyboard; sourceTree = "<group>"; };
		AD31004322533C8A0011E553 /* Assets.xcassets */ = {isa = PBXFileReference; lastKnownFileType = folder.assetcatalog; path = Assets.xcassets; sourceTree = "<group>"; };
		AD31004622533C8A0011E553 /* Base */ = {isa = PBXFileReference; lastKnownFileType = file.storyboard; name = Base; path = Base.lproj/LaunchScreen.storyboard; sourceTree = "<group>"; };
		AD31004822533C8A0011E553 /* Info.plist */ = {isa = PBXFileReference; lastKnownFileType = text.plist.xml; path = Info.plist; sourceTree = "<group>"; };
		AD31004922533C8A0011E553 /* main.m */ = {isa = PBXFileReference; lastKnownFileType = sourcecode.c.objc; path = main.m; sourceTree = "<group>"; };
		AD31005022533CD10011E553 /* KVOViewController.h */ = {isa = PBXFileReference; fileEncoding = 4; lastKnownFileType = sourcecode.c.h; path = KVOViewController.h; sourceTree = "<group>"; };
		AD31005122533CD10011E553 /* KVOViewController.m */ = {isa = PBXFileReference; fileEncoding = 4; lastKnownFileType = sourcecode.c.objc; path = KVOViewController.m; sourceTree = "<group>"; };
		AD31005222533CD10011E553 /* NSNotificationViewController.h */ = {isa = PBXFileReference; fileEncoding = 4; lastKnownFileType = sourcecode.c.h; path = NSNotificationViewController.h; sourceTree = "<group>"; };
		AD31005322533CD10011E553 /* NSNotificationViewController.m */ = {isa = PBXFileReference; fileEncoding = 4; lastKnownFileType = sourcecode.c.objc; path = NSNotificationViewController.m; sourceTree = "<group>"; };
		AD31005722533CDD0011E553 /* NSMutableDictionary+GJCrash.m */ = {isa = PBXFileReference; fileEncoding = 4; lastKnownFileType = sourcecode.c.objc; path = "NSMutableDictionary+GJCrash.m"; sourceTree = "<group>"; };
		AD31005822533CDD0011E553 /* NSString+GJCrash.m */ = {isa = PBXFileReference; fileEncoding = 4; lastKnownFileType = sourcecode.c.objc; path = "NSString+GJCrash.m"; sourceTree = "<group>"; };
		AD31005922533CDD0011E553 /* NSMutableAttributedString+GJCrash.h */ = {isa = PBXFileReference; fileEncoding = 4; lastKnownFileType = sourcecode.c.h; path = "NSMutableAttributedString+GJCrash.h"; sourceTree = "<group>"; };
		AD31005A22533CDD0011E553 /* NSObject+NSNotificationCrash.h */ = {isa = PBXFileReference; fileEncoding = 4; lastKnownFileType = sourcecode.c.h; path = "NSObject+NSNotificationCrash.h"; sourceTree = "<group>"; };
		AD31005B22533CDD0011E553 /* GJCrashLog.h */ = {isa = PBXFileReference; fileEncoding = 4; lastKnownFileType = sourcecode.c.h; path = GJCrashLog.h; sourceTree = "<group>"; };
		AD31005C22533CDD0011E553 /* NSObject+KVOCrash.m */ = {isa = PBXFileReference; fileEncoding = 4; lastKnownFileType = sourcecode.c.objc; path = "NSObject+KVOCrash.m"; sourceTree = "<group>"; };
		AD31005D22533CDD0011E553 /* NSArray+GJCrash.m */ = {isa = PBXFileReference; fileEncoding = 4; lastKnownFileType = sourcecode.c.objc; path = "NSArray+GJCrash.m"; sourceTree = "<group>"; };
		AD31005E22533CDD0011E553 /* NSAttributedString+GJCrash.m */ = {isa = PBXFileReference; fileEncoding = 4; lastKnownFileType = sourcecode.c.objc; path = "NSAttributedString+GJCrash.m"; sourceTree = "<group>"; };
		AD31005F22533CDD0011E553 /* NSMutableString+GJCrash.h */ = {isa = PBXFileReference; fileEncoding = 4; lastKnownFileType = sourcecode.c.h; path = "NSMutableString+GJCrash.h"; sourceTree = "<group>"; };
		AD31006122533CDD0011E553 /* NSObject+GJSwizzle.m */ = {isa = PBXFileReference; fileEncoding = 4; lastKnownFileType = sourcecode.c.objc; path = "NSObject+GJSwizzle.m"; sourceTree = "<group>"; };
		AD31006222533CDD0011E553 /* NSMutableArray+GJCrash.h */ = {isa = PBXFileReference; fileEncoding = 4; lastKnownFileType = sourcecode.c.h; path = "NSMutableArray+GJCrash.h"; sourceTree = "<group>"; };
		AD31006322533CDD0011E553 /* NSDictionary+GJCrash.h */ = {isa = PBXFileReference; fileEncoding = 4; lastKnownFileType = sourcecode.c.h; path = "NSDictionary+GJCrash.h"; sourceTree = "<group>"; };
		AD31006422533CDD0011E553 /* NSMutableAttributedString+GJCrash.m */ = {isa = PBXFileReference; fileEncoding = 4; lastKnownFileType = sourcecode.c.objc; path = "NSMutableAttributedString+GJCrash.m"; sourceTree = "<group>"; };
		AD31006522533CDD0011E553 /* NSString+GJCrash.h */ = {isa = PBXFileReference; fileEncoding = 4; lastKnownFileType = sourcecode.c.h; path = "NSString+GJCrash.h"; sourceTree = "<group>"; };
		AD31006622533CDD0011E553 /* NSMutableDictionary+GJCrash.h */ = {isa = PBXFileReference; fileEncoding = 4; lastKnownFileType = sourcecode.c.h; path = "NSMutableDictionary+GJCrash.h"; sourceTree = "<group>"; };
		AD31006722533CDD0011E553 /* NSObject+KVOCrash.h */ = {isa = PBXFileReference; fileEncoding = 4; lastKnownFileType = sourcecode.c.h; path = "NSObject+KVOCrash.h"; sourceTree = "<group>"; };
		AD31006822533CDD0011E553 /* GJCrashLog.m */ = {isa = PBXFileReference; fileEncoding = 4; lastKnownFileType = sourcecode.c.objc; path = GJCrashLog.m; sourceTree = "<group>"; };
		AD31006922533CDD0011E553 /* NSObject+NSNotificationCrash.m */ = {isa = PBXFileReference; fileEncoding = 4; lastKnownFileType = sourcecode.c.objc; path = "NSObject+NSNotificationCrash.m"; sourceTree = "<group>"; };
		AD31006A22533CDD0011E553 /* NSObject+GJSwizzle.h */ = {isa = PBXFileReference; fileEncoding = 4; lastKnownFileType = sourcecode.c.h; path = "NSObject+GJSwizzle.h"; sourceTree = "<group>"; };
		AD31006B22533CDD0011E553 /* NSMutableString+GJCrash.m */ = {isa = PBXFileReference; fileEncoding = 4; lastKnownFileType = sourcecode.c.objc; path = "NSMutableString+GJCrash.m"; sourceTree = "<group>"; };
		AD31006D22533CDD0011E553 /* NSArray+GJCrash.h */ = {isa = PBXFileReference; fileEncoding = 4; lastKnownFileType = sourcecode.c.h; path = "NSArray+GJCrash.h"; sourceTree = "<group>"; };
		AD31006E22533CDD0011E553 /* NSAttributedString+GJCrash.h */ = {isa = PBXFileReference; fileEncoding = 4; lastKnownFileType = sourcecode.c.h; path = "NSAttributedString+GJCrash.h"; sourceTree = "<group>"; };
		AD31006F22533CDD0011E553 /* NSDictionary+GJCrash.m */ = {isa = PBXFileReference; fileEncoding = 4; lastKnownFileType = sourcecode.c.objc; path = "NSDictionary+GJCrash.m"; sourceTree = "<group>"; };
		AD31007022533CDD0011E553 /* NSMutableArray+GJCrash.m */ = {isa = PBXFileReference; fileEncoding = 4; lastKnownFileType = sourcecode.c.objc; path = "NSMutableArray+GJCrash.m"; sourceTree = "<group>"; };
/* End PBXFileReference section */

/* Begin PBXFrameworksBuildPhase section */
		AD31003422533C880011E553 /* Frameworks */ = {
			isa = PBXFrameworksBuildPhase;
			buildActionMask = 2147483647;
			files = (
			);
			runOnlyForDeploymentPostprocessing = 0;
		};
/* End PBXFrameworksBuildPhase section */

/* Begin PBXGroup section */
		AD31002E22533C880011E553 = {
			isa = PBXGroup;
			children = (
				AD31003922533C880011E553 /* GJNoCrash */,
				AD31003822533C880011E553 /* Products */,
			);
			sourceTree = "<group>";
		};
		AD31003822533C880011E553 /* Products */ = {
			isa = PBXGroup;
			children = (
				AD31003722533C880011E553 /* GJNoCrash.app */,
			);
			name = Products;
			sourceTree = "<group>";
		};
		AD31003922533C880011E553 /* GJNoCrash */ = {
			isa = PBXGroup;
			children = (
				AD31005622533CDD0011E553 /* GJNoCrash */,
				AD31003A22533C880011E553 /* AppDelegate.h */,
				AD31003B22533C880011E553 /* AppDelegate.m */,
				AD31003D22533C880011E553 /* ViewController.h */,
				AD31003E22533C880011E553 /* ViewController.m */,
				AD31005022533CD10011E553 /* KVOViewController.h */,
				AD31005122533CD10011E553 /* KVOViewController.m */,
				AD31005222533CD10011E553 /* NSNotificationViewController.h */,
				AD31005322533CD10011E553 /* NSNotificationViewController.m */,
				AD31004022533C880011E553 /* Main.storyboard */,
				AD31004322533C8A0011E553 /* Assets.xcassets */,
				AD31004522533C8A0011E553 /* LaunchScreen.storyboard */,
				AD31004822533C8A0011E553 /* Info.plist */,
				AD31004922533C8A0011E553 /* main.m */,
			);
			path = GJNoCrash;
			sourceTree = "<group>";
		};
		AD31005622533CDD0011E553 /* GJNoCrash */ = {
			isa = PBXGroup;
			children = (
				AD31005B22533CDD0011E553 /* GJCrashLog.h */,
				AD31006822533CDD0011E553 /* GJCrashLog.m */,
				AD31006522533CDD0011E553 /* NSString+GJCrash.h */,
				AD31005822533CDD0011E553 /* NSString+GJCrash.m */,
				AD31006D22533CDD0011E553 /* NSArray+GJCrash.h */,
				AD31005D22533CDD0011E553 /* NSArray+GJCrash.m */,
				AD31006722533CDD0011E553 /* NSObject+KVOCrash.h */,
				AD31005C22533CDD0011E553 /* NSObject+KVOCrash.m */,
				AD31006A22533CDD0011E553 /* NSObject+GJSwizzle.h */,
				AD31006122533CDD0011E553 /* NSObject+GJSwizzle.m */,
				AD31006322533CDD0011E553 /* NSDictionary+GJCrash.h */,
				AD31006F22533CDD0011E553 /* NSDictionary+GJCrash.m */,
				AD31006222533CDD0011E553 /* NSMutableArray+GJCrash.h */,
				AD31007022533CDD0011E553 /* NSMutableArray+GJCrash.m */,
				AD31005F22533CDD0011E553 /* NSMutableString+GJCrash.h */,
				AD31006B22533CDD0011E553 /* NSMutableString+GJCrash.m */,
				AD31006E22533CDD0011E553 /* NSAttributedString+GJCrash.h */,
				AD31005E22533CDD0011E553 /* NSAttributedString+GJCrash.m */,
				AD31006622533CDD0011E553 /* NSMutableDictionary+GJCrash.h */,
				AD31005722533CDD0011E553 /* NSMutableDictionary+GJCrash.m */,
				AD31005A22533CDD0011E553 /* NSObject+NSNotificationCrash.h */,
				AD31006922533CDD0011E553 /* NSObject+NSNotificationCrash.m */,
				AD31005922533CDD0011E553 /* NSMutableAttributedString+GJCrash.h */,
				AD31006422533CDD0011E553 /* NSMutableAttributedString+GJCrash.m */,
			);
			path = GJNoCrash;
			sourceTree = "<group>";
		};
/* End PBXGroup section */

/* Begin PBXNativeTarget section */
		AD31003622533C880011E553 /* GJNoCrash */ = {
			isa = PBXNativeTarget;
			buildConfigurationList = AD31004D22533C8A0011E553 /* Build configuration list for PBXNativeTarget "GJNoCrash" */;
			buildPhases = (
				AD31003322533C880011E553 /* Sources */,
				AD31003422533C880011E553 /* Frameworks */,
				AD31003522533C880011E553 /* Resources */,
			);
			buildRules = (
			);
			dependencies = (
			);
			name = GJNoCrash;
			productName = GJNoCrash;
			productReference = AD31003722533C880011E553 /* GJNoCrash.app */;
			productType = "com.apple.product-type.application";
		};
/* End PBXNativeTarget section */

/* Begin PBXProject section */
		AD31002F22533C880011E553 /* Project object */ = {
			isa = PBXProject;
			attributes = {
				LastUpgradeCheck = 1010;
				ORGANIZATIONNAME = gejiangs;
				TargetAttributes = {
					AD31003622533C880011E553 = {
						CreatedOnToolsVersion = 10.1;
					};
				};
			};
			buildConfigurationList = AD31003222533C880011E553 /* Build configuration list for PBXProject "GJNoCrash" */;
			compatibilityVersion = "Xcode 9.3";
			developmentRegion = en;
			hasScannedForEncodings = 0;
			knownRegions = (
				en,
				Base,
			);
			mainGroup = AD31002E22533C880011E553;
			productRefGroup = AD31003822533C880011E553 /* Products */;
			projectDirPath = "";
			projectRoot = "";
			targets = (
				AD31003622533C880011E553 /* GJNoCrash */,
			);
		};
/* End PBXProject section */

/* Begin PBXResourcesBuildPhase section */
		AD31003522533C880011E553 /* Resources */ = {
			isa = PBXResourcesBuildPhase;
			buildActionMask = 2147483647;
			files = (
				AD31004722533C8A0011E553 /* LaunchScreen.storyboard in Resources */,
				AD31004422533C8A0011E553 /* Assets.xcassets in Resources */,
				AD31004222533C880011E553 /* Main.storyboard in Resources */,
			);
			runOnlyForDeploymentPostprocessing = 0;
		};
/* End PBXResourcesBuildPhase section */

/* Begin PBXSourcesBuildPhase section */
		AD31003322533C880011E553 /* Sources */ = {
			isa = PBXSourcesBuildPhase;
			buildActionMask = 2147483647;
			files = (
				AD31005522533CD10011E553 /* NSNotificationViewController.m in Sources */,
				AD31003F22533C880011E553 /* ViewController.m in Sources */,
				AD31007C22533CDD0011E553 /* NSDictionary+GJCrash.m in Sources */,
				AD31007322533CDD0011E553 /* NSObject+KVOCrash.m in Sources */,
				AD31007B22533CDD0011E553 /* NSMutableString+GJCrash.m in Sources */,
				AD31007722533CDD0011E553 /* NSObject+GJSwizzle.m in Sources */,
				AD31007122533CDD0011E553 /* NSMutableDictionary+GJCrash.m in Sources */,
				AD31007522533CDD0011E553 /* NSAttributedString+GJCrash.m in Sources */,
				AD31007D22533CDD0011E553 /* NSMutableArray+GJCrash.m in Sources */,
				AD31007A22533CDD0011E553 /* NSObject+NSNotificationCrash.m in Sources */,
				AD31007422533CDD0011E553 /* NSArray+GJCrash.m in Sources */,
				AD31007922533CDD0011E553 /* GJCrashLog.m in Sources */,
				AD31007222533CDD0011E553 /* NSString+GJCrash.m in Sources */,
				AD31005422533CD10011E553 /* KVOViewController.m in Sources */,
				AD31004A22533C8A0011E553 /* main.m in Sources */,
				AD31003C22533C880011E553 /* AppDelegate.m in Sources */,
				AD31007822533CDD0011E553 /* NSMutableAttributedString+GJCrash.m in Sources */,
			);
			runOnlyForDeploymentPostprocessing = 0;
		};
/* End PBXSourcesBuildPhase section */

/* Begin PBXVariantGroup section */
		AD31004022533C880011E553 /* Main.storyboard */ = {
			isa = PBXVariantGroup;
			children = (
				AD31004122533C880011E553 /* Base */,
			);
			name = Main.storyboard;
			sourceTree = "<group>";
		};
		AD31004522533C8A0011E553 /* LaunchScreen.storyboard */ = {
			isa = PBXVariantGroup;
			children = (
				AD31004622533C8A0011E553 /* Base */,
			);
			name = LaunchScreen.storyboard;
			sourceTree = "<group>";
		};
/* End PBXVariantGroup section */

/* Begin XCBuildConfiguration section */
		AD31004B22533C8A0011E553 /* Debug */ = {
			isa = XCBuildConfiguration;
			buildSettings = {
				ALWAYS_SEARCH_USER_PATHS = NO;
				CLANG_ANALYZER_NONNULL = YES;
				CLANG_ANALYZER_NUMBER_OBJECT_CONVERSION = YES_AGGRESSIVE;
				CLANG_CXX_LANGUAGE_STANDARD = "gnu++14";
				CLANG_CXX_LIBRARY = "libc++";
				CLANG_ENABLE_MODULES = YES;
				CLANG_ENABLE_OBJC_ARC = YES;
				CLANG_ENABLE_OBJC_WEAK = YES;
				CLANG_WARN_BLOCK_CAPTURE_AUTORELEASING = YES;
				CLANG_WARN_BOOL_CONVERSION = YES;
				CLANG_WARN_COMMA = YES;
				CLANG_WARN_CONSTANT_CONVERSION = YES;
				CLANG_WARN_DEPRECATED_OBJC_IMPLEMENTATIONS = YES;
				CLANG_WARN_DIRECT_OBJC_ISA_USAGE = YES_ERROR;
				CLANG_WARN_DOCUMENTATION_COMMENTS = YES;
				CLANG_WARN_EMPTY_BODY = YES;
				CLANG_WARN_ENUM_CONVERSION = YES;
				CLANG_WARN_INFINITE_RECURSION = YES;
				CLANG_WARN_INT_CONVERSION = YES;
				CLANG_WARN_NON_LITERAL_NULL_CONVERSION = YES;
				CLANG_WARN_OBJC_IMPLICIT_RETAIN_SELF = YES;
				CLANG_WARN_OBJC_LITERAL_CONVERSION = YES;
				CLANG_WARN_OBJC_ROOT_CLASS = YES_ERROR;
				CLANG_WARN_RANGE_LOOP_ANALYSIS = YES;
				CLANG_WARN_STRICT_PROTOTYPES = YES;
				CLANG_WARN_SUSPICIOUS_MOVE = YES;
				CLANG_WARN_UNGUARDED_AVAILABILITY = YES_AGGRESSIVE;
				CLANG_WARN_UNREACHABLE_CODE = YES;
				CLANG_WARN__DUPLICATE_METHOD_MATCH = YES;
				CODE_SIGN_IDENTITY = "iPhone Developer";
				COPY_PHASE_STRIP = NO;
				DEBUG_INFORMATION_FORMAT = dwarf;
				ENABLE_STRICT_OBJC_MSGSEND = YES;
				ENABLE_TESTABILITY = YES;
				GCC_C_LANGUAGE_STANDARD = gnu11;
				GCC_DYNAMIC_NO_PIC = NO;
				GCC_NO_COMMON_BLOCKS = YES;
				GCC_OPTIMIZATION_LEVEL = 0;
				GCC_PREPROCESSOR_DEFINITIONS = (
					"DEBUG=1",
					"$(inherited)",
				);
				GCC_WARN_64_TO_32_BIT_CONVERSION = YES;
				GCC_WARN_ABOUT_RETURN_TYPE = YES_ERROR;
				GCC_WARN_UNDECLARED_SELECTOR = YES;
				GCC_WARN_UNINITIALIZED_AUTOS = YES_AGGRESSIVE;
				GCC_WARN_UNUSED_FUNCTION = YES;
				GCC_WARN_UNUSED_VARIABLE = YES;
				IPHONEOS_DEPLOYMENT_TARGET = 12.1;
				MTL_ENABLE_DEBUG_INFO = INCLUDE_SOURCE;
				MTL_FAST_MATH = YES;
				ONLY_ACTIVE_ARCH = YES;
				SDKROOT = iphoneos;
			};
			name = Debug;
		};
		AD31004C22533C8A0011E553 /* Release */ = {
			isa = XCBuildConfiguration;
			buildSettings = {
				ALWAYS_SEARCH_USER_PATHS = NO;
				CLANG_ANALYZER_NONNULL = YES;
				CLANG_ANALYZER_NUMBER_OBJECT_CONVERSION = YES_AGGRESSIVE;
				CLANG_CXX_LANGUAGE_STANDARD = "gnu++14";
				CLANG_CXX_LIBRARY = "libc++";
				CLANG_ENABLE_MODULES = YES;
				CLANG_ENABLE_OBJC_ARC = YES;
				CLANG_ENABLE_OBJC_WEAK = YES;
				CLANG_WARN_BLOCK_CAPTURE_AUTORELEASING = YES;
				CLANG_WARN_BOOL_CONVERSION = YES;
				CLANG_WARN_COMMA = YES;
				CLANG_WARN_CONSTANT_CONVERSION = YES;
				CLANG_WARN_DEPRECATED_OBJC_IMPLEMENTATIONS = YES;
				CLANG_WARN_DIRECT_OBJC_ISA_USAGE = YES_ERROR;
				CLANG_WARN_DOCUMENTATION_COMMENTS = YES;
				CLANG_WARN_EMPTY_BODY = YES;
				CLANG_WARN_ENUM_CONVERSION = YES;
				CLANG_WARN_INFINITE_RECURSION = YES;
				CLANG_WARN_INT_CONVERSION = YES;
				CLANG_WARN_NON_LITERAL_NULL_CONVERSION = YES;
				CLANG_WARN_OBJC_IMPLICIT_RETAIN_SELF = YES;
				CLANG_WARN_OBJC_LITERAL_CONVERSION = YES;
				CLANG_WARN_OBJC_ROOT_CLASS = YES_ERROR;
				CLANG_WARN_RANGE_LOOP_ANALYSIS = YES;
				CLANG_WARN_STRICT_PROTOTYPES = YES;
				CLANG_WARN_SUSPICIOUS_MOVE = YES;
				CLANG_WARN_UNGUARDED_AVAILABILITY = YES_AGGRESSIVE;
				CLANG_WARN_UNREACHABLE_CODE = YES;
				CLANG_WARN__DUPLICATE_METHOD_MATCH = YES;
				CODE_SIGN_IDENTITY = "iPhone Developer";
				COPY_PHASE_STRIP = NO;
				DEBUG_INFORMATION_FORMAT = "dwarf-with-dsym";
				ENABLE_NS_ASSERTIONS = NO;
				ENABLE_STRICT_OBJC_MSGSEND = YES;
				GCC_C_LANGUAGE_STANDARD = gnu11;
				GCC_NO_COMMON_BLOCKS = YES;
				GCC_WARN_64_TO_32_BIT_CONVERSION = YES;
				GCC_WARN_ABOUT_RETURN_TYPE = YES_ERROR;
				GCC_WARN_UNDECLARED_SELECTOR = YES;
				GCC_WARN_UNINITIALIZED_AUTOS = YES_AGGRESSIVE;
				GCC_WARN_UNUSED_FUNCTION = YES;
				GCC_WARN_UNUSED_VARIABLE = YES;
				IPHONEOS_DEPLOYMENT_TARGET = 12.1;
				MTL_ENABLE_DEBUG_INFO = NO;
				MTL_FAST_MATH = YES;
				SDKROOT = iphoneos;
				VALIDATE_PRODUCT = YES;
			};
			name = Release;
		};
		AD31004E22533C8A0011E553 /* Debug */ = {
			isa = XCBuildConfiguration;
			buildSettings = {
				ASSETCATALOG_COMPILER_APPICON_NAME = AppIcon;
				CODE_SIGN_STYLE = Automatic;
				DEVELOPMENT_TEAM = KZP9CL2A5P;
				INFOPLIST_FILE = GJNoCrash/Info.plist;
				IPHONEOS_DEPLOYMENT_TARGET = 8.0;
				LD_RUNPATH_SEARCH_PATHS = (
					"$(inherited)",
					"@executable_path/Frameworks",
				);
				PRODUCT_BUNDLE_IDENTIFIER = com.gejiangs.GJNoCrash;
				PRODUCT_NAME = "$(TARGET_NAME)";
				TARGETED_DEVICE_FAMILY = 1;
			};
			name = Debug;
		};
		AD31004F22533C8A0011E553 /* Release */ = {
			isa = XCBuildConfiguration;
			buildSettings = {
				ASSETCATALOG_COMPILER_APPICON_NAME = AppIcon;
				CODE_SIGN_STYLE = Automatic;
				DEVELOPMENT_TEAM = KZP9CL2A5P;
				INFOPLIST_FILE = GJNoCrash/Info.plist;
				IPHONEOS_DEPLOYMENT_TARGET = 8.0;
				LD_RUNPATH_SEARCH_PATHS = (
					"$(inherited)",
					"@executable_path/Frameworks",
				);
				PRODUCT_BUNDLE_IDENTIFIER = com.gejiangs.GJNoCrash;
				PRODUCT_NAME = "$(TARGET_NAME)";
				TARGETED_DEVICE_FAMILY = 1;
			};
			name = Release;
		};
/* End XCBuildConfiguration section */

/* Begin XCConfigurationList section */
		AD31003222533C880011E553 /* Build configuration list for PBXProject "GJNoCrash" */ = {
			isa = XCConfigurationList;
			buildConfigurations = (
				AD31004B22533C8A0011E553 /* Debug */,
				AD31004C22533C8A0011E553 /* Release */,
			);
			defaultConfigurationIsVisible = 0;
			defaultConfigurationName = Release;
		};
		AD31004D22533C8A0011E553 /* Build configuration list for PBXNativeTarget "GJNoCrash" */ = {
			isa = XCConfigurationList;
			buildConfigurations = (
				AD31004E22533C8A0011E553 /* Debug */,
				AD31004F22533C8A0011E553 /* Release */,
			);
			defaultConfigurationIsVisible = 0;
			defaultConfigurationName = Release;
		};
/* End XCConfigurationList section */
	};
	rootObject = AD31002F22533C880011E553 /* Project object */;
}
